
Microsoft Visual Studio Solution File, Format Version 12.00
# Visual Studio Version 17
VisualStudioVersion = 17.5.33414.496
MinimumVisualStudioVersion = 10.0.40219.1
Project("{9A19103F-16F7-4668-BE54-9A1E7A4F7556}") = "WebOrdersApi", "WebOrdersApi\WebOrdersApi.csproj", "{EF6B1A50-0442-4EF1-A88B-E216B9D23D11}"
EndProject
Project("{E53339B2-1760-4266-BCC7-CA923CBCF16C}") = "docker-compose", "docker-compose.dcproj", "{BF8C8D34-F41F-44D2-B1B8-AAAFBDE61F61}"
EndProject
Global
	GlobalSection(SolutionConfigurationPlatforms) = preSolution
		Debug|Any CPU = Debug|Any CPU
		Release|Any CPU = Release|Any CPU
	EndGlobalSection
	GlobalSection(ProjectConfigurationPlatforms) = postSolution
		{EF6B1A50-0442-4EF1-A88B-E216B9D23D11}.Debug|Any CPU.ActiveCfg = Debug|Any CPU
		{EF6B1A50-0442-4EF1-A88B-E216B9D23D11}.Debug|Any CPU.Build.0 = Debug|Any CPU
		{EF6B1A50-0442-4EF1-A88B-E216B9D23D11}.Release|Any CPU.ActiveCfg = Release|Any CPU
		{EF6B1A50-0442-4EF1-A88B-E216B9D23D11}.Release|Any CPU.Build.0 = Release|Any CPU
		{BF8C8D34-F41F-44D2-B1B8-AAAFBDE61F61}.Debug|Any CPU.ActiveCfg = Debug|Any CPU
		{BF8C8D34-F41F-44D2-B1B8-AAAFBDE61F61}.Debug|Any CPU.Build.0 = Debug|Any CPU
		{BF8C8D34-F41F-44D2-B1B8-AAAFBDE61F61}.Release|Any CPU.ActiveCfg = Release|Any CPU
		{BF8C8D34-F41F-44D2-B1B8-AAAFBDE61F61}.Release|Any CPU.Build.0 = Release|Any CPU
	EndGlobalSection
	GlobalSection(SolutionProperties) = preSolution
		HideSolutionNode = FALSE
	EndGlobalSection
	GlobalSection(ExtensibilityGlobals) = postSolution
		SolutionGuid = {03E359AE-9156-4FC0-B395-85DFC95C0AB4}
	EndGlobalSection
EndGlobal
